
Microsoft Visual Studio Solution File, Format Version 12.00
# Visual Studio Version 16
VisualStudioVersion = 16.0.30413.136
MinimumVisualStudioVersion = 10.0.40219.1
Project("{FAE04EC0-301F-11D3-BF4B-00C04F79EFBC}") = "Zork", "Zork\Zork.csproj", "{347F19C6-B2E9-4288-9BC9-F0998A5DDEB7}"
EndProject
Global
	GlobalSection(SolutionConfigurationPlatforms) = preSolution
		Debug|Any CPU = Debug|Any CPU
		Release|Any CPU = Release|Any CPU
	EndGlobalSection
	GlobalSection(ProjectConfigurationPlatforms) = postSolution
		{347F19C6-B2E9-4288-9BC9-F0998A5DDEB7}.Debug|Any CPU.ActiveCfg = Debug|Any CPU
		{347F19C6-B2E9-4288-9BC9-F0998A5DDEB7}.Debug|Any CPU.Build.0 = Debug|Any CPU
		{347F19C6-B2E9-4288-9BC9-F0998A5DDEB7}.Release|Any CPU.ActiveCfg = Release|Any CPU
		{347F19C6-B2E9-4288-9BC9-F0998A5DDEB7}.Release|Any CPU.Build.0 = Release|Any CPU
	EndGlobalSection
	GlobalSection(SolutionProperties) = preSolution
		HideSolutionNode = FALSE
	EndGlobalSection
	GlobalSection(ExtensibilityGlobals) = postSolution
		SolutionGuid = {FE1303D2-DDB9-48C1-9EC1-1329679376D5}
	EndGlobalSection
EndGlobal
